// !$*UTF8*$!
{
	archiveVersion = 1;
	classes = {
	};
	objectVersion = 46;
	objects = {

/* Begin PBXBuildFile section */
		4C830A471CB5A796009C0C74 /* AppDelegate.swift in Sources */ = {isa = PBXBuildFile; fileRef = 4C830A461CB5A796009C0C74 /* AppDelegate.swift */; };
		4C830A491CB5A796009C0C74 /* ViewController.swift in Sources */ = {isa = PBXBuildFile; fileRef = 4C830A481CB5A796009C0C74 /* ViewController.swift */; };
		4C830A4C1CB5A796009C0C74 /* Main.storyboard in Resources */ = {isa = PBXBuildFile; fileRef = 4C830A4A1CB5A796009C0C74 /* Main.storyboard */; };
		4C830A4E1CB5A796009C0C74 /* Assets.xcassets in Resources */ = {isa = PBXBuildFile; fileRef = 4C830A4D1CB5A796009C0C74 /* Assets.xcassets */; };
		4C830A511CB5A796009C0C74 /* LaunchScreen.storyboard in Resources */ = {isa = PBXBuildFile; fileRef = 4C830A4F1CB5A796009C0C74 /* LaunchScreen.storyboard */; };
		4C830A5C1CB5A796009C0C74 /* KeyQuotesTests.swift in Sources */ = {isa = PBXBuildFile; fileRef = 4C830A5B1CB5A796009C0C74 /* KeyQuotesTests.swift */; };
		4C830A671CB5A797009C0C74 /* KeyQuotesUITests.swift in Sources */ = {isa = PBXBuildFile; fileRef = 4C830A661CB5A797009C0C74 /* KeyQuotesUITests.swift */; };
/* End PBXBuildFile section */

/* Begin PBXContainerItemProxy section */
		4C830A581CB5A796009C0C74 /* PBXContainerItemProxy */ = {
			isa = PBXContainerItemProxy;
			containerPortal = 4C830A3B1CB5A796009C0C74 /* Project object */;
			proxyType = 1;
			remoteGlobalIDString = 4C830A421CB5A796009C0C74;
			remoteInfo = KeyQuotes;
		};
		4C830A631CB5A797009C0C74 /* PBXContainerItemProxy */ = {
			isa = PBXContainerItemProxy;
			containerPortal = 4C830A3B1CB5A796009C0C74 /* Project object */;
			proxyType = 1;
			remoteGlobalIDString = 4C830A421CB5A796009C0C74;
			remoteInfo = KeyQuotes;
		};
/* End PBXContainerItemProxy section */

/* Begin PBXFileReference section */
		4C830A431CB5A796009C0C74 /* KeyQuotes.app */ = {isa = PBXFileReference; explicitFileType = wrapper.application; includeInIndex = 0; path = KeyQuotes.app; sourceTree = BUILT_PRODUCTS_DIR; };
		4C830A461CB5A796009C0C74 /* AppDelegate.swift */ = {isa = PBXFileReference; lastKnownFileType = sourcecode.swift; path = AppDelegate.swift; sourceTree = "<group>"; };
		4C830A481CB5A796009C0C74 /* ViewController.swift */ = {isa = PBXFileReference; lastKnownFileType = sourcecode.swift; path = ViewController.swift; sourceTree = "<group>"; };
		4C830A4B1CB5A796009C0C74 /* Base */ = {isa = PBXFileReference; lastKnownFileType = file.storyboard; name = Base; path = Base.lproj/Main.storyboard; sourceTree = "<group>"; };
		4C830A4D1CB5A796009C0C74 /* Assets.xcassets */ = {isa = PBXFileReference; lastKnownFileType = folder.assetcatalog; path = Assets.xcassets; sourceTree = "<group>"; };
		4C830A501CB5A796009C0C74 /* Base */ = {isa = PBXFileReference; lastKnownFileType = file.storyboard; name = Base; path = Base.lproj/LaunchScreen.storyboard; sourceTree = "<group>"; };
		4C830A521CB5A796009C0C74 /* Info.plist */ = {isa = PBXFileReference; lastKnownFileType = text.plist.xml; path = Info.plist; sourceTree = "<group>"; };
		4C830A571CB5A796009C0C74 /* KeyQuotesTests.xctest */ = {isa = PBXFileReference; explicitFileType = wrapper.cfbundle; includeInIndex = 0; path = KeyQuotesTests.xctest; sourceTree = BUILT_PRODUCTS_DIR; };
		4C830A5B1CB5A796009C0C74 /* KeyQuotesTests.swift */ = {isa = PBXFileReference; lastKnownFileType = sourcecode.swift; path = KeyQuotesTests.swift; sourceTree = "<group>"; };
		4C830A5D1CB5A796009C0C74 /* Info.plist */ = {isa = PBXFileReference; lastKnownFileType = text.plist.xml; path = Info.plist; sourceTree = "<group>"; };
		4C830A621CB5A797009C0C74 /* KeyQuotesUITests.xctest */ = {isa = PBXFileReference; explicitFileType = wrapper.cfbundle; includeInIndex = 0; path = KeyQuotesUITests.xctest; sourceTree = BUILT_PRODUCTS_DIR; };
		4C830A661CB5A797009C0C74 /* KeyQuotesUITests.swift */ = {isa = PBXFileReference; lastKnownFileType = sourcecode.swift; path = KeyQuotesUITests.swift; sourceTree = "<group>"; };
		4C830A681CB5A797009C0C74 /* Info.plist */ = {isa = PBXFileReference; lastKnownFileType = text.plist.xml; path = Info.plist; sourceTree = "<group>"; };
/* End PBXFileReference section */

/* Begin PBXFrameworksBuildPhase section */
		4C830A401CB5A796009C0C74 /* Frameworks */ = {
			isa = PBXFrameworksBuildPhase;
			buildActionMask = 2147483647;
			files = (
			);
			runOnlyForDeploymentPostprocessing = 0;
		};
		4C830A541CB5A796009C0C74 /* Frameworks */ = {
			isa = PBXFrameworksBuildPhase;
			buildActionMask = 2147483647;
			files = (
			);
			runOnlyForDeploymentPostprocessing = 0;
		};
		4C830A5F1CB5A797009C0C74 /* Frameworks */ = {
			isa = PBXFrameworksBuildPhase;
			buildActionMask = 2147483647;
			files = (
			);
			runOnlyForDeploymentPostprocessing = 0;
		};
/* End PBXFrameworksBuildPhase section */

/* Begin PBXGroup section */
		4C830A3A1CB5A796009C0C74 = {
			isa = PBXGroup;
			children = (
				4C830A451CB5A796009C0C74 /* KeyQuotes */,
				4C830A5A1CB5A796009C0C74 /* KeyQuotesTests */,
				4C830A651CB5A797009C0C74 /* KeyQuotesUITests */,
				4C830A441CB5A796009C0C74 /* Products */,
			);
			sourceTree = "<group>";
		};
		4C830A441CB5A796009C0C74 /* Products */ = {
			isa = PBXGroup;
			children = (
				4C830A431CB5A796009C0C74 /* KeyQuotes.app */,
				4C830A571CB5A796009C0C74 /* KeyQuotesTests.xctest */,
				4C830A621CB5A797009C0C74 /* KeyQuotesUITests.xctest */,
			);
			name = Products;
			sourceTree = "<group>";
		};
		4C830A451CB5A796009C0C74 /* KeyQuotes */ = {
			isa = PBXGroup;
			children = (
				4C830A461CB5A796009C0C74 /* AppDelegate.swift */,
				4C830A481CB5A796009C0C74 /* ViewController.swift */,
				4C830A4A1CB5A796009C0C74 /* Main.storyboard */,
				4C830A4D1CB5A796009C0C74 /* Assets.xcassets */,
				4C830A4F1CB5A796009C0C74 /* LaunchScreen.storyboard */,
				4C830A521CB5A796009C0C74 /* Info.plist */,
			);
			path = KeyQuotes;
			sourceTree = "<group>";
		};
		4C830A5A1CB5A796009C0C74 /* KeyQuotesTests */ = {
			isa = PBXGroup;
			children = (
				4C830A5B1CB5A796009C0C74 /* KeyQuotesTests.swift */,
				4C830A5D1CB5A796009C0C74 /* Info.plist */,
			);
			path = KeyQuotesTests;
			sourceTree = "<group>";
		};
		4C830A651CB5A797009C0C74 /* KeyQuotesUITests */ = {
			isa = PBXGroup;
			children = (
				4C830A661CB5A797009C0C74 /* KeyQuotesUITests.swift */,
				4C830A681CB5A797009C0C74 /* Info.plist */,
			);
			path = KeyQuotesUITests;
			sourceTree = "<group>";
		};
/* End PBXGroup section */

/* Begin PBXNativeTarget section */
		4C830A421CB5A796009C0C74 /* KeyQuotes */ = {
			isa = PBXNativeTarget;
			buildConfigurationList = 4C830A6B1CB5A797009C0C74 /* Build configuration list for PBXNativeTarget "KeyQuotes" */;
			buildPhases = (
				4C830A3F1CB5A796009C0C74 /* Sources */,
				4C830A401CB5A796009C0C74 /* Frameworks */,
				4C830A411CB5A796009C0C74 /* Resources */,
			);
			buildRules = (
			);
			dependencies = (
			);
			name = KeyQuotes;
			productName = KeyQuotes;
			productReference = 4C830A431CB5A796009C0C74 /* KeyQuotes.app */;
			productType = "com.apple.product-type.application";
		};
		4C830A561CB5A796009C0C74 /* KeyQuotesTests */ = {
			isa = PBXNativeTarget;
			buildConfigurationList = 4C830A6E1CB5A797009C0C74 /* Build configuration list for PBXNativeTarget "KeyQuotesTests" */;
			buildPhases = (
				4C830A531CB5A796009C0C74 /* Sources */,
				4C830A541CB5A796009C0C74 /* Frameworks */,
				4C830A551CB5A796009C0C74 /* Resources */,
			);
			buildRules = (
			);
			dependencies = (
				4C830A591CB5A796009C0C74 /* PBXTargetDependency */,
			);
			name = KeyQuotesTests;
			productName = KeyQuotesTests;
			productReference = 4C830A571CB5A796009C0C74 /* KeyQuotesTests.xctest */;
			productType = "com.apple.product-type.bundle.unit-test";
		};
		4C830A611CB5A797009C0C74 /* KeyQuotesUITests */ = {
			isa = PBXNativeTarget;
			buildConfigurationList = 4C830A711CB5A797009C0C74 /* Build configuration list for PBXNativeTarget "KeyQuotesUITests" */;
			buildPhases = (
				4C830A5E1CB5A797009C0C74 /* Sources */,
				4C830A5F1CB5A797009C0C74 /* Frameworks */,
				4C830A601CB5A797009C0C74 /* Resources */,
			);
			buildRules = (
			);
			dependencies = (
				4C830A641CB5A797009C0C74 /* PBXTargetDependency */,
			);
			name = KeyQuotesUITests;
			productName = KeyQuotesUITests;
			productReference = 4C830A621CB5A797009C0C74 /* KeyQuotesUITests.xctest */;
			productType = "com.apple.product-type.bundle.ui-testing";
		};
/* End PBXNativeTarget section */

/* Begin PBXProject section */
		4C830A3B1CB5A796009C0C74 /* Project object */ = {
			isa = PBXProject;
			attributes = {
				LastSwiftUpdateCheck = 0730;
				LastUpgradeCheck = 0730;
				ORGANIZATIONNAME = "Jessica Joseph";
				TargetAttributes = {
					4C830A421CB5A796009C0C74 = {
						CreatedOnToolsVersion = 7.3;
					};
					4C830A561CB5A796009C0C74 = {
						CreatedOnToolsVersion = 7.3;
						TestTargetID = 4C830A421CB5A796009C0C74;
					};
					4C830A611CB5A797009C0C74 = {
						CreatedOnToolsVersion = 7.3;
						TestTargetID = 4C830A421CB5A796009C0C74;
					};
				};
			};
			buildConfigurationList = 4C830A3E1CB5A796009C0C74 /* Build configuration list for PBXProject "KeyQuotes" */;
			compatibilityVersion = "Xcode 3.2";
			developmentRegion = English;
			hasScannedForEncodings = 0;
			knownRegions = (
				en,
				Base,
			);
			mainGroup = 4C830A3A1CB5A796009C0C74;
			productRefGroup = 4C830A441CB5A796009C0C74 /* Products */;
			projectDirPath = "";
			projectRoot = "";
			targets = (
				4C830A421CB5A796009C0C74 /* KeyQuotes */,
				4C830A561CB5A796009C0C74 /* KeyQuotesTests */,
				4C830A611CB5A797009C0C74 /* KeyQuotesUITests */,
			);
		};
/* End PBXProject section */

/* Begin PBXResourcesBuildPhase section */
		4C830A411CB5A796009C0C74 /* Resources */ = {
			isa = PBXResourcesBuildPhase;
			buildActionMask = 2147483647;
			files = (
				4C830A511CB5A796009C0C74 /* LaunchScreen.storyboard in Resources */,
				4C830A4E1CB5A796009C0C74 /* Assets.xcassets in Resources */,
				4C830A4C1CB5A796009C0C74 /* Main.storyboard in Resources */,
			);
			runOnlyForDeploymentPostprocessing = 0;
		};
		4C830A551CB5A796009C0C74 /* Resources */ = {
			isa = PBXResourcesBuildPhase;
			buildActionMask = 2147483647;
			files = (
			);
			runOnlyForDeploymentPostprocessing = 0;
		};
		4C830A601CB5A797009C0C74 /* Resources */ = {
			isa = PBXResourcesBuildPhase;
			buildActionMask = 2147483647;
			files = (
			);
			runOnlyForDeploymentPostprocessing = 0;
		};
/* End PBXResourcesBuildPhase section */

/* Begin PBXSourcesBuildPhase section */
		4C830A3F1CB5A796009C0C74 /* Sources */ = {
			isa = PBXSourcesBuildPhase;
			buildActionMask = 2147483647;
			files = (
				4C830A491CB5A796009C0C74 /* ViewController.swift in Sources */,
				4C830A471CB5A796009C0C74 /* AppDelegate.swift in Sources */,
			);
			runOnlyForDeploymentPostprocessing = 0;
		};
		4C830A531CB5A796009C0C74 /* Sources */ = {
			isa = PBXSourcesBuildPhase;
			buildActionMask = 2147483647;
			files = (
				4C830A5C1CB5A796009C0C74 /* KeyQuotesTests.swift in Sources */,
			);
			runOnlyForDeploymentPostprocessing = 0;
		};
		4C830A5E1CB5A797009C0C74 /* Sources */ = {
			isa = PBXSourcesBuildPhase;
			buildActionMask = 2147483647;
			files = (
				4C830A671CB5A797009C0C74 /* KeyQuotesUITests.swift in Sources */,
			);
			runOnlyForDeploymentPostprocessing = 0;
		};
/* End PBXSourcesBuildPhase section */

/* Begin PBXTargetDependency section */
		4C830A591CB5A796009C0C74 /* PBXTargetDependency */ = {
			isa = PBXTargetDependency;
			target = 4C830A421CB5A796009C0C74 /* KeyQuotes */;
			targetProxy = 4C830A581CB5A796009C0C74 /* PBXContainerItemProxy */;
		};
		4C830A641CB5A797009C0C74 /* PBXTargetDependency */ = {
			isa = PBXTargetDependency;
			target = 4C830A421CB5A796009C0C74 /* KeyQuotes */;
			targetProxy = 4C830A631CB5A797009C0C74 /* PBXContainerItemProxy */;
		};
/* End PBXTargetDependency section */

/* Begin PBXVariantGroup section */
		4C830A4A1CB5A796009C0C74 /* Main.storyboard */ = {
			isa = PBXVariantGroup;
			children = (
				4C830A4B1CB5A796009C0C74 /* Base */,
			);
			name = Main.storyboard;
			sourceTree = "<group>";
		};
		4C830A4F1CB5A796009C0C74 /* LaunchScreen.storyboard */ = {
			isa = PBXVariantGroup;
			children = (
				4C830A501CB5A796009C0C74 /* Base */,
			);
			name = LaunchScreen.storyboard;
			sourceTree = "<group>";
		};
/* End PBXVariantGroup section */

/* Begin XCBuildConfiguration section */
		4C830A691CB5A797009C0C74 /* Debug */ = {
			isa = XCBuildConfiguration;
			buildSettings = {
				ALWAYS_SEARCH_USER_PATHS = NO;
				CLANG_ANALYZER_NONNULL = YES;
				CLANG_CXX_LANGUAGE_STANDARD = "gnu++0x";
				CLANG_CXX_LIBRARY = "libc++";
				CLANG_ENABLE_MODULES = YES;
				CLANG_ENABLE_OBJC_ARC = YES;
				CLANG_WARN_BOOL_CONVERSION = YES;
				CLANG_WARN_CONSTANT_CONVERSION = YES;
				CLANG_WARN_DIRECT_OBJC_ISA_USAGE = YES_ERROR;
				CLANG_WARN_EMPTY_BODY = YES;
				CLANG_WARN_ENUM_CONVERSION = YES;
				CLANG_WARN_INT_CONVERSION = YES;
				CLANG_WARN_OBJC_ROOT_CLASS = YES_ERROR;
				CLANG_WARN_UNREACHABLE_CODE = YES;
				CLANG_WARN__DUPLICATE_METHOD_MATCH = YES;
				"CODE_SIGN_IDENTITY[sdk=iphoneos*]" = "iPhone Developer";
				COPY_PHASE_STRIP = NO;
				DEBUG_INFORMATION_FORMAT = dwarf;
				ENABLE_STRICT_OBJC_MSGSEND = YES;
				ENABLE_TESTABILITY = YES;
				GCC_C_LANGUAGE_STANDARD = gnu99;
				GCC_DYNAMIC_NO_PIC = NO;
				GCC_NO_COMMON_BLOCKS = YES;
				GCC_OPTIMIZATION_LEVEL = 0;
				GCC_PREPROCESSOR_DEFINITIONS = (
					"DEBUG=1",
					"$(inherited)",
				);
				GCC_WARN_64_TO_32_BIT_CONVERSION = YES;
				GCC_WARN_ABOUT_RETURN_TYPE = YES_ERROR;
				GCC_WARN_UNDECLARED_SELECTOR = YES;
				GCC_WARN_UNINITIALIZED_AUTOS = YES_AGGRESSIVE;
				GCC_WARN_UNUSED_FUNCTION = YES;
				GCC_WARN_UNUSED_VARIABLE = YES;
				IPHONEOS_DEPLOYMENT_TARGET = 9.3;
				MTL_ENABLE_DEBUG_INFO = YES;
				ONLY_ACTIVE_ARCH = YES;
				SDKROOT = iphoneos;
				SWIFT_OPTIMIZATION_LEVEL = "-Onone";
			};
			name = Debug;
		};
		4C830A6A1CB5A797009C0C74 /* Release */ = {
			isa = XCBuildConfiguration;
			buildSettings = {
				ALWAYS_SEARCH_USER_PATHS = NO;
				CLANG_ANALYZER_NONNULL = YES;
				CLANG_CXX_LANGUAGE_STANDARD = "gnu++0x";
				CLANG_CXX_LIBRARY = "libc++";
				CLANG_ENABLE_MODULES = YES;
				CLANG_ENABLE_OBJC_ARC = YES;
				CLANG_WARN_BOOL_CONVERSION = YES;
				CLANG_WARN_CONSTANT_CONVERSION = YES;
				CLANG_WARN_DIRECT_OBJC_ISA_USAGE = YES_ERROR;
				CLANG_WARN_EMPTY_BODY = YES;
				CLANG_WARN_ENUM_CONVERSION = YES;
				CLANG_WARN_INT_CONVERSION = YES;
				CLANG_WARN_OBJC_ROOT_CLASS = YES_ERROR;
				CLANG_WARN_UNREACHABLE_CODE = YES;
				CLANG_WARN__DUPLICATE_METHOD_MATCH = YES;
				"CODE_SIGN_IDENTITY[sdk=iphoneos*]" = "iPhone Developer";
				COPY_PHASE_STRIP = NO;
				DEBUG_INFORMATION_FORMAT = "dwarf-with-dsym";
				ENABLE_NS_ASSERTIONS = NO;
				ENABLE_STRICT_OBJC_MSGSEND = YES;
				GCC_C_LANGUAGE_STANDARD = gnu99;
				GCC_NO_COMMON_BLOCKS = YES;
				GCC_WARN_64_TO_32_BIT_CONVERSION = YES;
				GCC_WARN_ABOUT_RETURN_TYPE = YES_ERROR;
				GCC_WARN_UNDECLARED_SELECTOR = YES;
				GCC_WARN_UNINITIALIZED_AUTOS = YES_AGGRESSIVE;
				GCC_WARN_UNUSED_FUNCTION = YES;
				GCC_WARN_UNUSED_VARIABLE = YES;
				IPHONEOS_DEPLOYMENT_TARGET = 9.3;
				MTL_ENABLE_DEBUG_INFO = NO;
				SDKROOT = iphoneos;
				VALIDATE_PRODUCT = YES;
			};
			name = Release;
		};
		4C830A6C1CB5A797009C0C74 /* Debug */ = {
			isa = XCBuildConfiguration;
			buildSettings = {
				ASSETCATALOG_COMPILER_APPICON_NAME = AppIcon;
				INFOPLIST_FILE = KeyQuotes/Info.plist;
				LD_RUNPATH_SEARCH_PATHS = "$(inherited) @executable_path/Frameworks";
				PRODUCT_BUNDLE_IDENTIFIER = co.jessicajoseph.KeyQuotes;
				PRODUCT_NAME = "$(TARGET_NAME)";
			};
			name = Debug;
		};
		4C830A6D1CB5A797009C0C74 /* Release */ = {
			isa = XCBuildConfiguration;
			buildSettings = {
				ASSETCATALOG_COMPILER_APPICON_NAME = AppIcon;
				INFOPLIST_FILE = KeyQuotes/Info.plist;
				LD_RUNPATH_SEARCH_PATHS = "$(inherited) @executable_path/Frameworks";
				PRODUCT_BUNDLE_IDENTIFIER = co.jessicajoseph.KeyQuotes;
				PRODUCT_NAME = "$(TARGET_NAME)";
			};
			name = Release;
		};
		4C830A6F1CB5A797009C0C74 /* Debug */ = {
			isa = XCBuildConfiguration;
			buildSettings = {
				BUNDLE_LOADER = "$(TEST_HOST)";
				INFOPLIST_FILE = KeyQuotesTests/Info.plist;
				LD_RUNPATH_SEARCH_PATHS = "$(inherited) @executable_path/Frameworks @loader_path/Frameworks";
				PRODUCT_BUNDLE_IDENTIFIER = co.jessicajoseph.KeyQuotesTests;
				PRODUCT_NAME = "$(TARGET_NAME)";
				TEST_HOST = "$(BUILT_PRODUCTS_DIR)/KeyQuotes.app/KeyQuotes";
			};
			name = Debug;
		};
		4C830A701CB5A797009C0C74 /* Release */ = {
			isa = XCBuildConfiguration;
			buildSettings = {
				BUNDLE_LOADER = "$(TEST_HOST)";
				INFOPLIST_FILE = KeyQuotesTests/Info.plist;
				LD_RUNPATH_SEARCH_PATHS = "$(inherited) @executable_path/Frameworks @loader_path/Frameworks";
				PRODUCT_BUNDLE_IDENTIFIER = co.jessicajoseph.KeyQuotesTests;
				PRODUCT_NAME = "$(TARGET_NAME)";
				TEST_HOST = "$(BUILT_PRODUCTS_DIR)/KeyQuotes.app/KeyQuotes";
			};
			name = Release;
		};
		4C830A721CB5A797009C0C74 /* Debug */ = {
			isa = XCBuildConfiguration;
			buildSettings = {
				INFOPLIST_FILE = KeyQuotesUITests/Info.plist;
				LD_RUNPATH_SEARCH_PATHS = "$(inherited) @executable_path/Frameworks @loader_path/Frameworks";
				PRODUCT_BUNDLE_IDENTIFIER = co.jessicajoseph.KeyQuotesUITests;
				PRODUCT_NAME = "$(TARGET_NAME)";
				TEST_TARGET_NAME = KeyQuotes;
			};
			name = Debug;
		};
		4C830A731CB5A797009C0C74 /* Release */ = {
			isa = XCBuildConfiguration;
			buildSettings = {
				INFOPLIST_FILE = KeyQuotesUITests/Info.plist;
				LD_RUNPATH_SEARCH_PATHS = "$(inherited) @executable_path/Frameworks @loader_path/Frameworks";
				PRODUCT_BUNDLE_IDENTIFIER = co.jessicajoseph.KeyQuotesUITests;
				PRODUCT_NAME = "$(TARGET_NAME)";
				TEST_TARGET_NAME = KeyQuotes;
			};
			name = Release;
		};
/* End XCBuildConfiguration section */

/* Begin XCConfigurationList section */
		4C830A3E1CB5A796009C0C74 /* Build configuration list for PBXProject "KeyQuotes" */ = {
			isa = XCConfigurationList;
			buildConfigurations = (
				4C830A691CB5A797009C0C74 /* Debug */,
				4C830A6A1CB5A797009C0C74 /* Release */,
			);
			defaultConfigurationIsVisible = 0;
			defaultConfigurationName = Release;
		};
		4C830A6B1CB5A797009C0C74 /* Build configuration list for PBXNativeTarget "KeyQuotes" */ = {
			isa = XCConfigurationList;
			buildConfigurations = (
				4C830A6C1CB5A797009C0C74 /* Debug */,
				4C830A6D1CB5A797009C0C74 /* Release */,
			);
			defaultConfigurationIsVisible = 0;
		};
		4C830A6E1CB5A797009C0C74 /* Build configuration list for PBXNativeTarget "KeyQuotesTests" */ = {
			isa = XCConfigurationList;
			buildConfigurations = (
				4C830A6F1CB5A797009C0C74 /* Debug */,
				4C830A701CB5A797009C0C74 /* Release */,
			);
			defaultConfigurationIsVisible = 0;
		};
		4C830A711CB5A797009C0C74 /* Build configuration list for PBXNativeTarget "KeyQuotesUITests" */ = {
			isa = XCConfigurationList;
			buildConfigurations = (
				4C830A721CB5A797009C0C74 /* Debug */,
				4C830A731CB5A797009C0C74 /* Release */,
			);
			defaultConfigurationIsVisible = 0;
		};
/* End XCConfigurationList section */
	};
	rootObject = 4C830A3B1CB5A796009C0C74 /* Project object */;
}
